
Microsoft Visual Studio Solution File, Format Version 12.00
# Visual Studio 15
VisualStudioVersion = 15.0.26124.0
MinimumVisualStudioVersion = 15.0.26124.0
Project("{2150E333-8FDC-42A3-9474-1A3956D46DE8}") = "src", "src", "{3E0B1D24-D2E1-4C8D-8BED-D431B493172B}"
EndProject
Project("{2150E333-8FDC-42A3-9474-1A3956D46DE8}") = "test", "test", "{E9389682-50AF-4D7B-9A9A-226059C6A2D8}"
EndProject
Project("{F2A71F9B-5D33-465A-A702-920D77279786}") = "FSharp.Data.JsonSchema.Tests", "test\FSharp.Data.JsonSchema.Tests\FSharp.Data.JsonSchema.Tests.fsproj", "{C1299CBA-C059-41F1-8F32-1235EA1F6753}"
EndProject
Project("{F2A71F9B-5D33-465A-A702-920D77279786}") = "FSharp.Data.JsonSchema.Core", "src\FSharp.Data.JsonSchema.Core\FSharp.Data.JsonSchema.Core.fsproj", "{76264BC0-8C4A-4A53-BFB2-99DFE393C474}"
EndProject
Project("{F2A71F9B-5D33-465A-A702-920D77279786}") = "FSharp.Data.JsonSchema.OpenApi", "src\FSharp.Data.JsonSchema.OpenApi\FSharp.Data.JsonSchema.OpenApi.fsproj", "{0BE1568A-EE04-45EB-89F1-1FD3FD267BAC}"
EndProject
Project("{F2A71F9B-5D33-465A-A702-920D77279786}") = "FSharp.Data.JsonSchema.Core.Tests", "test\FSharp.Data.JsonSchema.Core.Tests\FSharp.Data.JsonSchema.Core.Tests.fsproj", "{10211005-70A8-40DD-9D5A-671D111EA83C}"
EndProject
Project("{F2A71F9B-5D33-465A-A702-920D77279786}") = "FSharp.Data.JsonSchema.OpenApi.Tests", "test\FSharp.Data.JsonSchema.OpenApi.Tests\FSharp.Data.JsonSchema.OpenApi.Tests.fsproj", "{34C5CE79-3311-4217-A25B-8C48DC21C309}"
EndProject
Project("{F2A71F9B-5D33-465A-A702-920D77279786}") = "FSharp.Data.JsonSchema.NJsonSchema", "src\FSharp.Data.JsonSchema.NJsonSchema\FSharp.Data.JsonSchema.NJsonSchema.fsproj", "{D29AA29A-1557-482A-805C-02F31D6CA251}"
EndProject
Project("{F2A71F9B-5D33-465A-A702-920D77279786}") = "FSharp.Data.JsonSchema", "src\FSharp.Data.JsonSchema\FSharp.Data.JsonSchema.fsproj", "{B3413E00-C9B7-472C-8BBA-0D7DDDCC4B5D}"
EndProject
Global
	GlobalSection(SolutionConfigurationPlatforms) = preSolution
		Debug|Any CPU = Debug|Any CPU
		Debug|x64 = Debug|x64
		Debug|x86 = Debug|x86
		Release|Any CPU = Release|Any CPU
		Release|x64 = Release|x64
		Release|x86 = Release|x86
	EndGlobalSection
	GlobalSection(ProjectConfigurationPlatforms) = postSolution
		{C1299CBA-C059-41F1-8F32-1235EA1F6753}.Debug|Any CPU.ActiveCfg = Debug|Any CPU
		{C1299CBA-C059-41F1-8F32-1235EA1F6753}.Debug|Any CPU.Build.0 = Debug|Any CPU
		{C1299CBA-C059-41F1-8F32-1235EA1F6753}.Debug|x64.ActiveCfg = Debug|Any CPU
		{C1299CBA-C059-41F1-8F32-1235EA1F6753}.Debug|x64.Build.0 = Debug|Any CPU
		{C1299CBA-C059-41F1-8F32-1235EA1F6753}.Debug|x86.ActiveCfg = Debug|Any CPU
		{C1299CBA-C059-41F1-8F32-1235EA1F6753}.Debug|x86.Build.0 = Debug|Any CPU
		{C1299CBA-C059-41F1-8F32-1235EA1F6753}.Release|Any CPU.ActiveCfg = Release|Any CPU
		{C1299CBA-C059-41F1-8F32-1235EA1F6753}.Release|Any CPU.Build.0 = Release|Any CPU
		{C1299CBA-C059-41F1-8F32-1235EA1F6753}.Release|x64.ActiveCfg = Release|Any CPU
		{C1299CBA-C059-41F1-8F32-1235EA1F6753}.Release|x64.Build.0 = Release|Any CPU
		{C1299CBA-C059-41F1-8F32-1235EA1F6753}.Release|x86.ActiveCfg = Release|Any CPU
		{C1299CBA-C059-41F1-8F32-1235EA1F6753}.Release|x86.Build.0 = Release|Any CPU
		{76264BC0-8C4A-4A53-BFB2-99DFE393C474}.Debug|Any CPU.ActiveCfg = Debug|Any CPU
		{76264BC0-8C4A-4A53-BFB2-99DFE393C474}.Debug|Any CPU.Build.0 = Debug|Any CPU
		{76264BC0-8C4A-4A53-BFB2-99DFE393C474}.Debug|x64.ActiveCfg = Debug|Any CPU
		{76264BC0-8C4A-4A53-BFB2-99DFE393C474}.Debug|x64.Build.0 = Debug|Any CPU
		{76264BC0-8C4A-4A53-BFB2-99DFE393C474}.Debug|x86.ActiveCfg = Debug|Any CPU
		{76264BC0-8C4A-4A53-BFB2-99DFE393C474}.Debug|x86.Build.0 = Debug|Any CPU
		{76264BC0-8C4A-4A53-BFB2-99DFE393C474}.Release|Any CPU.ActiveCfg = Release|Any CPU
		{76264BC0-8C4A-4A53-BFB2-99DFE393C474}.Release|Any CPU.Build.0 = Release|Any CPU
		{76264BC0-8C4A-4A53-BFB2-99DFE393C474}.Release|x64.ActiveCfg = Release|Any CPU
		{76264BC0-8C4A-4A53-BFB2-99DFE393C474}.Release|x64.Build.0 = Release|Any CPU
		{76264BC0-8C4A-4A53-BFB2-99DFE393C474}.Release|x86.ActiveCfg = Release|Any CPU
		{76264BC0-8C4A-4A53-BFB2-99DFE393C474}.Release|x86.Build.0 = Release|Any CPU
		{0BE1568A-EE04-45EB-89F1-1FD3FD267BAC}.Debug|Any CPU.ActiveCfg = Debug|Any CPU
		{0BE1568A-EE04-45EB-89F1-1FD3FD267BAC}.Debug|Any CPU.Build.0 = Debug|Any CPU
		{0BE1568A-EE04-45EB-89F1-1FD3FD267BAC}.Debug|x64.ActiveCfg = Debug|Any CPU
		{0BE1568A-EE04-45EB-89F1-1FD3FD267BAC}.Debug|x64.Build.0 = Debug|Any CPU
		{0BE1568A-EE04-45EB-89F1-1FD3FD267BAC}.Debug|x86.ActiveCfg = Debug|Any CPU
		{0BE1568A-EE04-45EB-89F1-1FD3FD267BAC}.Debug|x86.Build.0 = Debug|Any CPU
		{0BE1568A-EE04-45EB-89F1-1FD3FD267BAC}.Release|Any CPU.ActiveCfg = Release|Any CPU
		{0BE1568A-EE04-45EB-89F1-1FD3FD267BAC}.Release|Any CPU.Build.0 = Release|Any CPU
		{0BE1568A-EE04-45EB-89F1-1FD3FD267BAC}.Release|x64.ActiveCfg = Release|Any CPU
		{0BE1568A-EE04-45EB-89F1-1FD3FD267BAC}.Release|x64.Build.0 = Release|Any CPU
		{0BE1568A-EE04-45EB-89F1-1FD3FD267BAC}.Release|x86.ActiveCfg = Release|Any CPU
		{0BE1568A-EE04-45EB-89F1-1FD3FD267BAC}.Release|x86.Build.0 = Release|Any CPU
		{10211005-70A8-40DD-9D5A-671D111EA83C}.Debug|Any CPU.ActiveCfg = Debug|Any CPU
		{10211005-70A8-40DD-9D5A-671D111EA83C}.Debug|Any CPU.Build.0 = Debug|Any CPU
		{10211005-70A8-40DD-9D5A-671D111EA83C}.Debug|x64.ActiveCfg = Debug|Any CPU
		{10211005-70A8-40DD-9D5A-671D111EA83C}.Debug|x64.Build.0 = Debug|Any CPU
		{10211005-70A8-40DD-9D5A-671D111EA83C}.Debug|x86.ActiveCfg = Debug|Any CPU
		{10211005-70A8-40DD-9D5A-671D111EA83C}.Debug|x86.Build.0 = Debug|Any CPU
		{10211005-70A8-40DD-9D5A-671D111EA83C}.Release|Any CPU.ActiveCfg = Release|Any CPU
		{10211005-70A8-40DD-9D5A-671D111EA83C}.Release|Any CPU.Build.0 = Release|Any CPU
		{10211005-70A8-40DD-9D5A-671D111EA83C}.Release|x64.ActiveCfg = Release|Any CPU
		{10211005-70A8-40DD-9D5A-671D111EA83C}.Release|x64.Build.0 = Release|Any CPU
		{10211005-70A8-40DD-9D5A-671D111EA83C}.Release|x86.ActiveCfg = Release|Any CPU
		{10211005-70A8-40DD-9D5A-671D111EA83C}.Release|x86.Build.0 = Release|Any CPU
		{34C5CE79-3311-4217-A25B-8C48DC21C309}.Debug|Any CPU.ActiveCfg = Debug|Any CPU
		{34C5CE79-3311-4217-A25B-8C48DC21C309}.Debug|Any CPU.Build.0 = Debug|Any CPU
		{34C5CE79-3311-4217-A25B-8C48DC21C309}.Debug|x64.ActiveCfg = Debug|Any CPU
		{34C5CE79-3311-4217-A25B-8C48DC21C309}.Debug|x64.Build.0 = Debug|Any CPU
		{34C5CE79-3311-4217-A25B-8C48DC21C309}.Debug|x86.ActiveCfg = Debug|Any CPU
		{34C5CE79-3311-4217-A25B-8C48DC21C309}.Debug|x86.Build.0 = Debug|Any CPU
		{34C5CE79-3311-4217-A25B-8C48DC21C309}.Release|Any CPU.ActiveCfg = Release|Any CPU
		{34C5CE79-3311-4217-A25B-8C48DC21C309}.Release|Any CPU.Build.0 = Release|Any CPU
		{34C5CE79-3311-4217-A25B-8C48DC21C309}.Release|x64.ActiveCfg = Release|Any CPU
		{34C5CE79-3311-4217-A25B-8C48DC21C309}.Release|x64.Build.0 = Release|Any CPU
		{34C5CE79-3311-4217-A25B-8C48DC21C309}.Release|x86.ActiveCfg = Release|Any CPU
		{34C5CE79-3311-4217-A25B-8C48DC21C309}.Release|x86.Build.0 = Release|Any CPU
		{D29AA29A-1557-482A-805C-02F31D6CA251}.Debug|Any CPU.ActiveCfg = Debug|Any CPU
		{D29AA29A-1557-482A-805C-02F31D6CA251}.Debug|Any CPU.Build.0 = Debug|Any CPU
		{D29AA29A-1557-482A-805C-02F31D6CA251}.Debug|x64.ActiveCfg = Debug|Any CPU
		{D29AA29A-1557-482A-805C-02F31D6CA251}.Debug|x64.Build.0 = Debug|Any CPU
		{D29AA29A-1557-482A-805C-02F31D6CA251}.Debug|x86.ActiveCfg = Debug|Any CPU
		{D29AA29A-1557-482A-805C-02F31D6CA251}.Debug|x86.Build.0 = Debug|Any CPU
		{D29AA29A-1557-482A-805C-02F31D6CA251}.Release|Any CPU.ActiveCfg = Release|Any CPU
		{D29AA29A-1557-482A-805C-02F31D6CA251}.Release|Any CPU.Build.0 = Release|Any CPU
		{D29AA29A-1557-482A-805C-02F31D6CA251}.Release|x64.ActiveCfg = Release|Any CPU
		{D29AA29A-1557-482A-805C-02F31D6CA251}.Release|x64.Build.0 = Release|Any CPU
		{D29AA29A-1557-482A-805C-02F31D6CA251}.Release|x86.ActiveCfg = Release|Any CPU
		{D29AA29A-1557-482A-805C-02F31D6CA251}.Release|x86.Build.0 = Release|Any CPU
		{B3413E00-C9B7-472C-8BBA-0D7DDDCC4B5D}.Debug|Any CPU.ActiveCfg = Debug|Any CPU
		{B3413E00-C9B7-472C-8BBA-0D7DDDCC4B5D}.Debug|Any CPU.Build.0 = Debug|Any CPU
		{B3413E00-C9B7-472C-8BBA-0D7DDDCC4B5D}.Debug|x64.ActiveCfg = Debug|Any CPU
		{B3413E00-C9B7-472C-8BBA-0D7DDDCC4B5D}.Debug|x64.Build.0 = Debug|Any CPU
		{B3413E00-C9B7-472C-8BBA-0D7DDDCC4B5D}.Debug|x86.ActiveCfg = Debug|Any CPU
		{B3413E00-C9B7-472C-8BBA-0D7DDDCC4B5D}.Debug|x86.Build.0 = Debug|Any CPU
		{B3413E00-C9B7-472C-8BBA-0D7DDDCC4B5D}.Release|Any CPU.ActiveCfg = Release|Any CPU
		{B3413E00-C9B7-472C-8BBA-0D7DDDCC4B5D}.Release|Any CPU.Build.0 = Release|Any CPU
		{B3413E00-C9B7-472C-8BBA-0D7DDDCC4B5D}.Release|x64.ActiveCfg = Release|Any CPU
		{B3413E00-C9B7-472C-8BBA-0D7DDDCC4B5D}.Release|x64.Build.0 = Release|Any CPU
		{B3413E00-C9B7-472C-8BBA-0D7DDDCC4B5D}.Release|x86.ActiveCfg = Release|Any CPU
		{B3413E00-C9B7-472C-8BBA-0D7DDDCC4B5D}.Release|x86.Build.0 = Release|Any CPU
	EndGlobalSection
	GlobalSection(SolutionProperties) = preSolution
		HideSolutionNode = FALSE
	EndGlobalSection
	GlobalSection(NestedProjects) = preSolution
		{C1299CBA-C059-41F1-8F32-1235EA1F6753} = {E9389682-50AF-4D7B-9A9A-226059C6A2D8}
		{76264BC0-8C4A-4A53-BFB2-99DFE393C474} = {3E0B1D24-D2E1-4C8D-8BED-D431B493172B}
		{0BE1568A-EE04-45EB-89F1-1FD3FD267BAC} = {3E0B1D24-D2E1-4C8D-8BED-D431B493172B}
		{10211005-70A8-40DD-9D5A-671D111EA83C} = {E9389682-50AF-4D7B-9A9A-226059C6A2D8}
		{34C5CE79-3311-4217-A25B-8C48DC21C309} = {E9389682-50AF-4D7B-9A9A-226059C6A2D8}
		{D29AA29A-1557-482A-805C-02F31D6CA251} = {3E0B1D24-D2E1-4C8D-8BED-D431B493172B}
		{B3413E00-C9B7-472C-8BBA-0D7DDDCC4B5D} = {3E0B1D24-D2E1-4C8D-8BED-D431B493172B}
	EndGlobalSection
EndGlobal
